
Microsoft Visual Studio Solution File, Format Version 12.00
# Visual Studio Version 17
VisualStudioVersion = 17.6.33801.468
MinimumVisualStudioVersion = 10.0.40219.1
Project("{FAE04EC0-301F-11D3-BF4B-00C04F79EFBC}") = "QR_Builder", "QR_Builder.csproj", "{2C795341-AD70-4F38-B769-D42D094C170C}"
EndProject
Global
	GlobalSection(SolutionConfigurationPlatforms) = preSolution
		Debug|Any CPU = Debug|Any CPU
		Release|Any CPU = Release|Any CPU
	EndGlobalSection
	GlobalSection(ProjectConfigurationPlatforms) = postSolution
		{2C795341-AD70-4F38-B769-D42D094C170C}.Debug|Any CPU.ActiveCfg = Debug|Any CPU
		{2C795341-AD70-4F38-B769-D42D094C170C}.Debug|Any CPU.Build.0 = Debug|Any CPU
		{2C795341-AD70-4F38-B769-D42D094C170C}.Release|Any CPU.ActiveCfg = Release|Any CPU
		{2C795341-AD70-4F38-B769-D42D094C170C}.Release|Any CPU.Build.0 = Release|Any CPU
	EndGlobalSection
	GlobalSection(SolutionProperties) = preSolution
		HideSolutionNode = FALSE
	EndGlobalSection
	GlobalSection(ExtensibilityGlobals) = postSolution
		SolutionGuid = {647DCD86-2F4D-487A-BA9D-9381457FFA2A}
	EndGlobalSection
EndGlobal
