
Microsoft Visual Studio Solution File, Format Version 12.00
# Visual Studio Version 17
VisualStudioVersion = 17.7.34024.191
MinimumVisualStudioVersion = 10.0.40219.1
Project("{9A19103F-16F7-4668-BE54-9A1E7A4F7556}") = "WebApi", "WebApi\WebApi.csproj", "{C174DF1D-3F53-4DB5-B936-4CD4061718AF}"
EndProject
Project("{FAE04EC0-301F-11D3-BF4B-00C04F79EFBC}") = "WebMVC", "WebMVC\WebMVC.csproj", "{ED657AA3-4AC4-460D-9824-0D021F0CDC20}"
EndProject
Global
	GlobalSection(SolutionConfigurationPlatforms) = preSolution
		Debug|Any CPU = Debug|Any CPU
		Release|Any CPU = Release|Any CPU
	EndGlobalSection
	GlobalSection(ProjectConfigurationPlatforms) = postSolution
		{C174DF1D-3F53-4DB5-B936-4CD4061718AF}.Debug|Any CPU.ActiveCfg = Debug|Any CPU
		{C174DF1D-3F53-4DB5-B936-4CD4061718AF}.Debug|Any CPU.Build.0 = Debug|Any CPU
		{C174DF1D-3F53-4DB5-B936-4CD4061718AF}.Release|Any CPU.ActiveCfg = Release|Any CPU
		{C174DF1D-3F53-4DB5-B936-4CD4061718AF}.Release|Any CPU.Build.0 = Release|Any CPU
		{ED657AA3-4AC4-460D-9824-0D021F0CDC20}.Debug|Any CPU.ActiveCfg = Debug|Any CPU
		{ED657AA3-4AC4-460D-9824-0D021F0CDC20}.Debug|Any CPU.Build.0 = Debug|Any CPU
		{ED657AA3-4AC4-460D-9824-0D021F0CDC20}.Release|Any CPU.ActiveCfg = Release|Any CPU
		{ED657AA3-4AC4-460D-9824-0D021F0CDC20}.Release|Any CPU.Build.0 = Release|Any CPU
	EndGlobalSection
	GlobalSection(SolutionProperties) = preSolution
		HideSolutionNode = FALSE
	EndGlobalSection
	GlobalSection(ExtensibilityGlobals) = postSolution
		SolutionGuid = {46FA0D3E-5409-4F7B-867E-1F7CB17800F2}
	EndGlobalSection
EndGlobal
