
Microsoft Visual Studio Solution File, Format Version 12.00
# Visual Studio Version 17
VisualStudioVersion = 17.8.34408.163
MinimumVisualStudioVersion = 10.0.40219.1
Project("{FAE04EC0-301F-11D3-BF4B-00C04F79EFBC}") = "Web", "Web\Web.csproj", "{CE309876-F930-4B02-8FF0-3A07B6C9A8CF}"
EndProject
Global
	GlobalSection(SolutionConfigurationPlatforms) = preSolution
		Debug|Any CPU = Debug|Any CPU
		Release|Any CPU = Release|Any CPU
	EndGlobalSection
	GlobalSection(ProjectConfigurationPlatforms) = postSolution
		{CE309876-F930-4B02-8FF0-3A07B6C9A8CF}.Debug|Any CPU.ActiveCfg = Debug|Any CPU
		{CE309876-F930-4B02-8FF0-3A07B6C9A8CF}.Debug|Any CPU.Build.0 = Debug|Any CPU
		{CE309876-F930-4B02-8FF0-3A07B6C9A8CF}.Release|Any CPU.ActiveCfg = Release|Any CPU
		{CE309876-F930-4B02-8FF0-3A07B6C9A8CF}.Release|Any CPU.Build.0 = Release|Any CPU
	EndGlobalSection
	GlobalSection(SolutionProperties) = preSolution
		HideSolutionNode = FALSE
	EndGlobalSection
	GlobalSection(ExtensibilityGlobals) = postSolution
		SolutionGuid = {FF57DF59-29E8-43D9-A81A-D37F58F29D57}
	EndGlobalSection
EndGlobal
