
Microsoft Visual Studio Solution File, Format Version 12.00
# Visual Studio Version 17
VisualStudioVersion = 17.5.33627.172
MinimumVisualStudioVersion = 10.0.40219.1
Project("{00D1A9C2-B5F0-4AF3-8072-F6C62B433612}") = "TodosDB", "TodosDB.sqlproj", "{BB48C820-FF58-40CC-A6A2-0F6D7C0B1C57}"
EndProject
Global
	GlobalSection(SolutionConfigurationPlatforms) = preSolution
		Debug|Any CPU = Debug|Any CPU
		Release|Any CPU = Release|Any CPU
	EndGlobalSection
	GlobalSection(ProjectConfigurationPlatforms) = postSolution
		{BB48C820-FF58-40CC-A6A2-0F6D7C0B1C57}.Debug|Any CPU.ActiveCfg = Debug|Any CPU
		{BB48C820-FF58-40CC-A6A2-0F6D7C0B1C57}.Debug|Any CPU.Build.0 = Debug|Any CPU
		{BB48C820-FF58-40CC-A6A2-0F6D7C0B1C57}.Debug|Any CPU.Deploy.0 = Debug|Any CPU
		{BB48C820-FF58-40CC-A6A2-0F6D7C0B1C57}.Release|Any CPU.ActiveCfg = Release|Any CPU
		{BB48C820-FF58-40CC-A6A2-0F6D7C0B1C57}.Release|Any CPU.Build.0 = Release|Any CPU
		{BB48C820-FF58-40CC-A6A2-0F6D7C0B1C57}.Release|Any CPU.Deploy.0 = Release|Any CPU
	EndGlobalSection
	GlobalSection(SolutionProperties) = preSolution
		HideSolutionNode = FALSE
	EndGlobalSection
	GlobalSection(ExtensibilityGlobals) = postSolution
		SolutionGuid = {7BA6E50B-508F-4A02-9BA4-30DC190B782C}
	EndGlobalSection
EndGlobal
