
Microsoft Visual Studio Solution File, Format Version 12.00
# Visual Studio Version 17
VisualStudioVersion = 17.0.31912.275
MinimumVisualStudioVersion = 10.0.40219.1
Project("{FAE04EC0-301F-11D3-BF4B-00C04F79EFBC}") = "CRUD_Web-1", "CRUD_Web-1.csproj", "{EE9505D6-82BA-45F3-9B0C-E90FA15B25D1}"
EndProject
Global
	GlobalSection(SolutionConfigurationPlatforms) = preSolution
		Debug|Any CPU = Debug|Any CPU
		Release|Any CPU = Release|Any CPU
	EndGlobalSection
	GlobalSection(ProjectConfigurationPlatforms) = postSolution
		{EE9505D6-82BA-45F3-9B0C-E90FA15B25D1}.Debug|Any CPU.ActiveCfg = Debug|Any CPU
		{EE9505D6-82BA-45F3-9B0C-E90FA15B25D1}.Debug|Any CPU.Build.0 = Debug|Any CPU
		{EE9505D6-82BA-45F3-9B0C-E90FA15B25D1}.Release|Any CPU.ActiveCfg = Release|Any CPU
		{EE9505D6-82BA-45F3-9B0C-E90FA15B25D1}.Release|Any CPU.Build.0 = Release|Any CPU
	EndGlobalSection
	GlobalSection(SolutionProperties) = preSolution
		HideSolutionNode = FALSE
	EndGlobalSection
	GlobalSection(ExtensibilityGlobals) = postSolution
		SolutionGuid = {BE853DDF-7C83-4C85-976D-86A2FBEE13A7}
	EndGlobalSection
EndGlobal
