
Microsoft Visual Studio Solution File, Format Version 12.00
# Visual Studio Version 17
VisualStudioVersion = 17.0.31903.59
MinimumVisualStudioVersion = 10.0.40219.1
Project("{9A19103F-16F7-4668-BE54-9A1E7A4F7556}") = "AppDataAccess", "AppDataAccess\AppDataAccess.csproj", "{45F7D92A-7B14-4160-81F1-84066DAC9243}"
EndProject
Project("{9A19103F-16F7-4668-BE54-9A1E7A4F7556}") = "AppModels", "AppModels\AppModels.csproj", "{CDCB3A49-1C14-43E4-B3F0-797342D38568}"
EndProject
Project("{9A19103F-16F7-4668-BE54-9A1E7A4F7556}") = "AppUtility", "AppUtility\AppUtility.csproj", "{B70CF388-4223-4BAE-B2F5-11E34EE0931A}"
EndProject
Project("{9A19103F-16F7-4668-BE54-9A1E7A4F7556}") = "Web", "Web\Web.csproj", "{9B395E25-5889-4F0F-8796-1C4AF8FCAB17}"
EndProject
Global
	GlobalSection(SolutionConfigurationPlatforms) = preSolution
		Debug|Any CPU = Debug|Any CPU
		Release|Any CPU = Release|Any CPU
	EndGlobalSection
	GlobalSection(ProjectConfigurationPlatforms) = postSolution
		{45F7D92A-7B14-4160-81F1-84066DAC9243}.Debug|Any CPU.ActiveCfg = Debug|Any CPU
		{45F7D92A-7B14-4160-81F1-84066DAC9243}.Debug|Any CPU.Build.0 = Debug|Any CPU
		{45F7D92A-7B14-4160-81F1-84066DAC9243}.Release|Any CPU.ActiveCfg = Release|Any CPU
		{45F7D92A-7B14-4160-81F1-84066DAC9243}.Release|Any CPU.Build.0 = Release|Any CPU
		{CDCB3A49-1C14-43E4-B3F0-797342D38568}.Debug|Any CPU.ActiveCfg = Debug|Any CPU
		{CDCB3A49-1C14-43E4-B3F0-797342D38568}.Debug|Any CPU.Build.0 = Debug|Any CPU
		{CDCB3A49-1C14-43E4-B3F0-797342D38568}.Release|Any CPU.ActiveCfg = Release|Any CPU
		{CDCB3A49-1C14-43E4-B3F0-797342D38568}.Release|Any CPU.Build.0 = Release|Any CPU
		{B70CF388-4223-4BAE-B2F5-11E34EE0931A}.Debug|Any CPU.ActiveCfg = Debug|Any CPU
		{B70CF388-4223-4BAE-B2F5-11E34EE0931A}.Debug|Any CPU.Build.0 = Debug|Any CPU
		{B70CF388-4223-4BAE-B2F5-11E34EE0931A}.Release|Any CPU.ActiveCfg = Release|Any CPU
		{B70CF388-4223-4BAE-B2F5-11E34EE0931A}.Release|Any CPU.Build.0 = Release|Any CPU
		{9B395E25-5889-4F0F-8796-1C4AF8FCAB17}.Debug|Any CPU.ActiveCfg = Debug|Any CPU
		{9B395E25-5889-4F0F-8796-1C4AF8FCAB17}.Debug|Any CPU.Build.0 = Debug|Any CPU
		{9B395E25-5889-4F0F-8796-1C4AF8FCAB17}.Release|Any CPU.ActiveCfg = Release|Any CPU
		{9B395E25-5889-4F0F-8796-1C4AF8FCAB17}.Release|Any CPU.Build.0 = Release|Any CPU
	EndGlobalSection
	GlobalSection(SolutionProperties) = preSolution
		HideSolutionNode = FALSE
	EndGlobalSection
	GlobalSection(ExtensibilityGlobals) = postSolution
		SolutionGuid = {9594446E-1776-4B73-B44E-66B66743EE46}
	EndGlobalSection
EndGlobal
