
Microsoft Visual Studio Solution File, Format Version 12.00
# Visual Studio Version 17
VisualStudioVersion = 17.7.34024.191
MinimumVisualStudioVersion = 10.0.40219.1
Project("{9A19103F-16F7-4668-BE54-9A1E7A4F7556}") = "OnHttpGet", "OnHttpGet\OnHttpGet.csproj", "{FC14D44B-19DD-4870-8469-9ACF2FE00EB2}"
EndProject
Project("{9A19103F-16F7-4668-BE54-9A1E7A4F7556}") = "ReadQueryString", "ReadQueryString\ReadQueryString.csproj", "{9BB82440-F71A-4152-8374-DE3F4CA0FB4D}"
EndProject
Global
	GlobalSection(SolutionConfigurationPlatforms) = preSolution
		Debug|Any CPU = Debug|Any CPU
		Release|Any CPU = Release|Any CPU
	EndGlobalSection
	GlobalSection(ProjectConfigurationPlatforms) = postSolution
		{FC14D44B-19DD-4870-8469-9ACF2FE00EB2}.Debug|Any CPU.ActiveCfg = Debug|Any CPU
		{FC14D44B-19DD-4870-8469-9ACF2FE00EB2}.Debug|Any CPU.Build.0 = Debug|Any CPU
		{FC14D44B-19DD-4870-8469-9ACF2FE00EB2}.Release|Any CPU.ActiveCfg = Release|Any CPU
		{FC14D44B-19DD-4870-8469-9ACF2FE00EB2}.Release|Any CPU.Build.0 = Release|Any CPU
		{9BB82440-F71A-4152-8374-DE3F4CA0FB4D}.Debug|Any CPU.ActiveCfg = Debug|Any CPU
		{9BB82440-F71A-4152-8374-DE3F4CA0FB4D}.Debug|Any CPU.Build.0 = Debug|Any CPU
		{9BB82440-F71A-4152-8374-DE3F4CA0FB4D}.Release|Any CPU.ActiveCfg = Release|Any CPU
		{9BB82440-F71A-4152-8374-DE3F4CA0FB4D}.Release|Any CPU.Build.0 = Release|Any CPU
	EndGlobalSection
	GlobalSection(SolutionProperties) = preSolution
		HideSolutionNode = FALSE
	EndGlobalSection
	GlobalSection(ExtensibilityGlobals) = postSolution
		SolutionGuid = {872D817B-23AD-4784-A4DB-D0A73945FB17}
	EndGlobalSection
EndGlobal
