
Microsoft Visual Studio Solution File, Format Version 12.00
# Visual Studio Version 17
VisualStudioVersion = 17.6.33829.357
MinimumVisualStudioVersion = 10.0.40219.1
Project("{9A19103F-16F7-4668-BE54-9A1E7A4F7556}") = "Web", "Web\Web.csproj", "{CD0352FA-C149-4203-931B-1D295F5CBDFB}"
EndProject
Project("{9A19103F-16F7-4668-BE54-9A1E7A4F7556}") = "AppDataAccess", "AppDataAccess\AppDataAccess.csproj", "{719681E3-B22D-48EB-82C0-11419EF0B046}"
EndProject
Project("{9A19103F-16F7-4668-BE54-9A1E7A4F7556}") = "AppModels", "AppModels\AppModels.csproj", "{16351D90-49CF-4078-B63E-7ABDCB67755E}"
EndProject
Project("{9A19103F-16F7-4668-BE54-9A1E7A4F7556}") = "AppUtility", "AppUtility\AppUtility.csproj", "{C0377E53-384A-4763-A5E8-A53E67060D41}"
EndProject
Global
	GlobalSection(SolutionConfigurationPlatforms) = preSolution
		Debug|Any CPU = Debug|Any CPU
		Release|Any CPU = Release|Any CPU
	EndGlobalSection
	GlobalSection(ProjectConfigurationPlatforms) = postSolution
		{CD0352FA-C149-4203-931B-1D295F5CBDFB}.Debug|Any CPU.ActiveCfg = Debug|Any CPU
		{CD0352FA-C149-4203-931B-1D295F5CBDFB}.Debug|Any CPU.Build.0 = Debug|Any CPU
		{CD0352FA-C149-4203-931B-1D295F5CBDFB}.Release|Any CPU.ActiveCfg = Release|Any CPU
		{CD0352FA-C149-4203-931B-1D295F5CBDFB}.Release|Any CPU.Build.0 = Release|Any CPU
		{719681E3-B22D-48EB-82C0-11419EF0B046}.Debug|Any CPU.ActiveCfg = Debug|Any CPU
		{719681E3-B22D-48EB-82C0-11419EF0B046}.Debug|Any CPU.Build.0 = Debug|Any CPU
		{719681E3-B22D-48EB-82C0-11419EF0B046}.Release|Any CPU.ActiveCfg = Release|Any CPU
		{719681E3-B22D-48EB-82C0-11419EF0B046}.Release|Any CPU.Build.0 = Release|Any CPU
		{16351D90-49CF-4078-B63E-7ABDCB67755E}.Debug|Any CPU.ActiveCfg = Debug|Any CPU
		{16351D90-49CF-4078-B63E-7ABDCB67755E}.Debug|Any CPU.Build.0 = Debug|Any CPU
		{16351D90-49CF-4078-B63E-7ABDCB67755E}.Release|Any CPU.ActiveCfg = Release|Any CPU
		{16351D90-49CF-4078-B63E-7ABDCB67755E}.Release|Any CPU.Build.0 = Release|Any CPU
		{C0377E53-384A-4763-A5E8-A53E67060D41}.Debug|Any CPU.ActiveCfg = Debug|Any CPU
		{C0377E53-384A-4763-A5E8-A53E67060D41}.Debug|Any CPU.Build.0 = Debug|Any CPU
		{C0377E53-384A-4763-A5E8-A53E67060D41}.Release|Any CPU.ActiveCfg = Release|Any CPU
		{C0377E53-384A-4763-A5E8-A53E67060D41}.Release|Any CPU.Build.0 = Release|Any CPU
	EndGlobalSection
	GlobalSection(SolutionProperties) = preSolution
		HideSolutionNode = FALSE
	EndGlobalSection
	GlobalSection(ExtensibilityGlobals) = postSolution
		SolutionGuid = {95EB15A0-812E-4EFF-8825-A34B680F513B}
	EndGlobalSection
EndGlobal
