
Microsoft Visual Studio Solution File, Format Version 12.00
# Visual Studio Version 17
VisualStudioVersion = 17.7.34031.279
MinimumVisualStudioVersion = 10.0.40219.1
Project("{FAE04EC0-301F-11D3-BF4B-00C04F79EFBC}") = "Matrix", "Matrix\Matrix.csproj", "{FC219B83-E32C-4B49-A1A3-BA01E08445D5}"
EndProject
Global
	GlobalSection(SolutionConfigurationPlatforms) = preSolution
		Debug|Any CPU = Debug|Any CPU
		Release|Any CPU = Release|Any CPU
	EndGlobalSection
	GlobalSection(ProjectConfigurationPlatforms) = postSolution
		{FC219B83-E32C-4B49-A1A3-BA01E08445D5}.Debug|Any CPU.ActiveCfg = Debug|Any CPU
		{FC219B83-E32C-4B49-A1A3-BA01E08445D5}.Debug|Any CPU.Build.0 = Debug|Any CPU
		{FC219B83-E32C-4B49-A1A3-BA01E08445D5}.Release|Any CPU.ActiveCfg = Release|Any CPU
		{FC219B83-E32C-4B49-A1A3-BA01E08445D5}.Release|Any CPU.Build.0 = Release|Any CPU
	EndGlobalSection
	GlobalSection(SolutionProperties) = preSolution
		HideSolutionNode = FALSE
	EndGlobalSection
	GlobalSection(ExtensibilityGlobals) = postSolution
		SolutionGuid = {068E0695-71F8-418A-8370-5C10E5B70584}
	EndGlobalSection
EndGlobal
