
Microsoft Visual Studio Solution File, Format Version 12.00
# Visual Studio Version 17
VisualStudioVersion = 17.7.34018.315
MinimumVisualStudioVersion = 10.0.40219.1
Project("{FAE04EC0-301F-11D3-BF4B-00C04F79EFBC}") = "Infrastructure", "Infrastructure\Infrastructure.csproj", "{45666013-93E2-49C3-9634-6A3BB690CF50}"
EndProject
Project("{FAE04EC0-301F-11D3-BF4B-00C04F79EFBC}") = "Web", "Web\Web.csproj", "{4AF6D99C-5055-49A5-9F14-9DBF8963AEA7}"
EndProject
Project("{FAE04EC0-301F-11D3-BF4B-00C04F79EFBC}") = "Persistance", "Persistance\Persistance.csproj", "{FFF21011-9FCB-4633-A76D-E545AB1D8E7A}"
EndProject
Project("{FAE04EC0-301F-11D3-BF4B-00C04F79EFBC}") = "Domain", "Domain\Domain.csproj", "{D85D5A37-D567-4E0D-B9C6-919D9ED7B0BD}"
EndProject
Global
	GlobalSection(SolutionConfigurationPlatforms) = preSolution
		Debug|Any CPU = Debug|Any CPU
		Release|Any CPU = Release|Any CPU
	EndGlobalSection
	GlobalSection(ProjectConfigurationPlatforms) = postSolution
		{45666013-93E2-49C3-9634-6A3BB690CF50}.Debug|Any CPU.ActiveCfg = Debug|Any CPU
		{45666013-93E2-49C3-9634-6A3BB690CF50}.Debug|Any CPU.Build.0 = Debug|Any CPU
		{45666013-93E2-49C3-9634-6A3BB690CF50}.Release|Any CPU.ActiveCfg = Release|Any CPU
		{45666013-93E2-49C3-9634-6A3BB690CF50}.Release|Any CPU.Build.0 = Release|Any CPU
		{4AF6D99C-5055-49A5-9F14-9DBF8963AEA7}.Debug|Any CPU.ActiveCfg = Debug|Any CPU
		{4AF6D99C-5055-49A5-9F14-9DBF8963AEA7}.Debug|Any CPU.Build.0 = Debug|Any CPU
		{4AF6D99C-5055-49A5-9F14-9DBF8963AEA7}.Release|Any CPU.ActiveCfg = Release|Any CPU
		{4AF6D99C-5055-49A5-9F14-9DBF8963AEA7}.Release|Any CPU.Build.0 = Release|Any CPU
		{FFF21011-9FCB-4633-A76D-E545AB1D8E7A}.Debug|Any CPU.ActiveCfg = Debug|Any CPU
		{FFF21011-9FCB-4633-A76D-E545AB1D8E7A}.Debug|Any CPU.Build.0 = Debug|Any CPU
		{FFF21011-9FCB-4633-A76D-E545AB1D8E7A}.Release|Any CPU.ActiveCfg = Release|Any CPU
		{FFF21011-9FCB-4633-A76D-E545AB1D8E7A}.Release|Any CPU.Build.0 = Release|Any CPU
		{D85D5A37-D567-4E0D-B9C6-919D9ED7B0BD}.Debug|Any CPU.ActiveCfg = Debug|Any CPU
		{D85D5A37-D567-4E0D-B9C6-919D9ED7B0BD}.Debug|Any CPU.Build.0 = Debug|Any CPU
		{D85D5A37-D567-4E0D-B9C6-919D9ED7B0BD}.Release|Any CPU.ActiveCfg = Release|Any CPU
		{D85D5A37-D567-4E0D-B9C6-919D9ED7B0BD}.Release|Any CPU.Build.0 = Release|Any CPU
	EndGlobalSection
	GlobalSection(SolutionProperties) = preSolution
		HideSolutionNode = FALSE
	EndGlobalSection
	GlobalSection(ExtensibilityGlobals) = postSolution
		SolutionGuid = {9174F1AA-3E71-4CEE-9944-C803EB8BA613}
	EndGlobalSection
EndGlobal
