
Microsoft Visual Studio Solution File, Format Version 12.00
# Visual Studio Version 17
VisualStudioVersion = 17.2.32616.157
MinimumVisualStudioVersion = 10.0.40219.1
Project("{FAE04EC0-301F-11D3-BF4B-00C04F79EFBC}") = "Blazor_Component", "Blazor_Component.csproj", "{5F734314-E344-465C-8C76-CD476556378C}"
EndProject
Global
	GlobalSection(SolutionConfigurationPlatforms) = preSolution
		Debug|Any CPU = Debug|Any CPU
		Release|Any CPU = Release|Any CPU
	EndGlobalSection
	GlobalSection(ProjectConfigurationPlatforms) = postSolution
		{5F734314-E344-465C-8C76-CD476556378C}.Debug|Any CPU.ActiveCfg = Debug|Any CPU
		{5F734314-E344-465C-8C76-CD476556378C}.Debug|Any CPU.Build.0 = Debug|Any CPU
		{5F734314-E344-465C-8C76-CD476556378C}.Release|Any CPU.ActiveCfg = Release|Any CPU
		{5F734314-E344-465C-8C76-CD476556378C}.Release|Any CPU.Build.0 = Release|Any CPU
	EndGlobalSection
	GlobalSection(SolutionProperties) = preSolution
		HideSolutionNode = FALSE
	EndGlobalSection
	GlobalSection(ExtensibilityGlobals) = postSolution
		SolutionGuid = {9764F634-F5BE-4577-AE1A-AE7A997ED2F0}
	EndGlobalSection
EndGlobal
