
Microsoft Visual Studio Solution File, Format Version 12.00
# Visual Studio Version 17
VisualStudioVersion = 17.6.33815.320
MinimumVisualStudioVersion = 10.0.40219.1
Project("{FAE04EC0-301F-11D3-BF4B-00C04F79EFBC}") = "ReadQueryString", "ReadQueryString.csproj", "{81373748-F0C7-4640-A647-6E2041009452}"
EndProject
Global
	GlobalSection(SolutionConfigurationPlatforms) = preSolution
		Debug|Any CPU = Debug|Any CPU
		Release|Any CPU = Release|Any CPU
	EndGlobalSection
	GlobalSection(ProjectConfigurationPlatforms) = postSolution
		{81373748-F0C7-4640-A647-6E2041009452}.Debug|Any CPU.ActiveCfg = Debug|Any CPU
		{81373748-F0C7-4640-A647-6E2041009452}.Debug|Any CPU.Build.0 = Debug|Any CPU
		{81373748-F0C7-4640-A647-6E2041009452}.Release|Any CPU.ActiveCfg = Release|Any CPU
		{81373748-F0C7-4640-A647-6E2041009452}.Release|Any CPU.Build.0 = Release|Any CPU
	EndGlobalSection
	GlobalSection(SolutionProperties) = preSolution
		HideSolutionNode = FALSE
	EndGlobalSection
	GlobalSection(ExtensibilityGlobals) = postSolution
		SolutionGuid = {DA9AE31A-5C27-455A-B402-8166CE7C6D92}
	EndGlobalSection
EndGlobal
