
Microsoft Visual Studio Solution File, Format Version 12.00
# Visual Studio Version 17
VisualStudioVersion = 17.9.34616.47
MinimumVisualStudioVersion = 10.0.40219.1
Project("{9A19103F-16F7-4668-BE54-9A1E7A4F7556}") = "WebApi", "WebApi\WebApi.csproj", "{4C850B68-7587-4EB1-BA88-BCF2A527A768}"
EndProject
Project("{FAE04EC0-301F-11D3-BF4B-00C04F79EFBC}") = "WebApi_II", "WebApi_II\WebApi_II.csproj", "{B5BB9186-25DC-4E0A-AC1E-0B806F234B28}"
EndProject
Global
	GlobalSection(SolutionConfigurationPlatforms) = preSolution
		Debug|Any CPU = Debug|Any CPU
		Release|Any CPU = Release|Any CPU
	EndGlobalSection
	GlobalSection(ProjectConfigurationPlatforms) = postSolution
		{4C850B68-7587-4EB1-BA88-BCF2A527A768}.Debug|Any CPU.ActiveCfg = Debug|Any CPU
		{4C850B68-7587-4EB1-BA88-BCF2A527A768}.Debug|Any CPU.Build.0 = Debug|Any CPU
		{4C850B68-7587-4EB1-BA88-BCF2A527A768}.Release|Any CPU.ActiveCfg = Release|Any CPU
		{4C850B68-7587-4EB1-BA88-BCF2A527A768}.Release|Any CPU.Build.0 = Release|Any CPU
		{B5BB9186-25DC-4E0A-AC1E-0B806F234B28}.Debug|Any CPU.ActiveCfg = Debug|Any CPU
		{B5BB9186-25DC-4E0A-AC1E-0B806F234B28}.Debug|Any CPU.Build.0 = Debug|Any CPU
		{B5BB9186-25DC-4E0A-AC1E-0B806F234B28}.Release|Any CPU.ActiveCfg = Release|Any CPU
		{B5BB9186-25DC-4E0A-AC1E-0B806F234B28}.Release|Any CPU.Build.0 = Release|Any CPU
	EndGlobalSection
	GlobalSection(SolutionProperties) = preSolution
		HideSolutionNode = FALSE
	EndGlobalSection
	GlobalSection(ExtensibilityGlobals) = postSolution
		SolutionGuid = {191516F4-3D3A-4ECE-9661-69939CBD1B0B}
	EndGlobalSection
EndGlobal
