
Microsoft Visual Studio Solution File, Format Version 12.00
# Visual Studio Version 17
VisualStudioVersion = 17.0.31903.59
MinimumVisualStudioVersion = 10.0.40219.1
Project("{FAE04EC0-301F-11D3-BF4B-00C04F79EFBC}") = "Matrix", "Matrix\Matrix.csproj", "{CE85A93C-551B-41EA-B017-B37AA9339F9C}"
EndProject
Global
	GlobalSection(SolutionConfigurationPlatforms) = preSolution
		Debug|Any CPU = Debug|Any CPU
		Release|Any CPU = Release|Any CPU
	EndGlobalSection
	GlobalSection(ProjectConfigurationPlatforms) = postSolution
		{CE85A93C-551B-41EA-B017-B37AA9339F9C}.Debug|Any CPU.ActiveCfg = Debug|Any CPU
		{CE85A93C-551B-41EA-B017-B37AA9339F9C}.Debug|Any CPU.Build.0 = Debug|Any CPU
		{CE85A93C-551B-41EA-B017-B37AA9339F9C}.Release|Any CPU.ActiveCfg = Release|Any CPU
		{CE85A93C-551B-41EA-B017-B37AA9339F9C}.Release|Any CPU.Build.0 = Release|Any CPU
	EndGlobalSection
	GlobalSection(SolutionProperties) = preSolution
		HideSolutionNode = FALSE
	EndGlobalSection
	GlobalSection(ExtensibilityGlobals) = postSolution
		SolutionGuid = {4EE9175F-70C9-43C3-B324-6A9C1F988975}
	EndGlobalSection
EndGlobal
