
Microsoft Visual Studio Solution File, Format Version 12.00
# Visual Studio Version 17
VisualStudioVersion = 17.0.31903.59
MinimumVisualStudioVersion = 10.0.40219.1
Project("{FAE04EC0-301F-11D3-BF4B-00C04F79EFBC}") = "Api_I", "Api_I\Api_I.csproj", "{47693D43-75FD-4BD6-8204-5D2147CF2B2C}"
EndProject
Project("{9A19103F-16F7-4668-BE54-9A1E7A4F7556}") = "Library", "Library\Library.csproj", "{695AEE7B-586A-4638-B8F7-6329A963C9CA}"
EndProject
Global
	GlobalSection(SolutionConfigurationPlatforms) = preSolution
		Debug|Any CPU = Debug|Any CPU
		Release|Any CPU = Release|Any CPU
	EndGlobalSection
	GlobalSection(ProjectConfigurationPlatforms) = postSolution
		{47693D43-75FD-4BD6-8204-5D2147CF2B2C}.Debug|Any CPU.ActiveCfg = Debug|Any CPU
		{47693D43-75FD-4BD6-8204-5D2147CF2B2C}.Debug|Any CPU.Build.0 = Debug|Any CPU
		{47693D43-75FD-4BD6-8204-5D2147CF2B2C}.Release|Any CPU.ActiveCfg = Release|Any CPU
		{47693D43-75FD-4BD6-8204-5D2147CF2B2C}.Release|Any CPU.Build.0 = Release|Any CPU
		{695AEE7B-586A-4638-B8F7-6329A963C9CA}.Debug|Any CPU.ActiveCfg = Debug|Any CPU
		{695AEE7B-586A-4638-B8F7-6329A963C9CA}.Debug|Any CPU.Build.0 = Debug|Any CPU
		{695AEE7B-586A-4638-B8F7-6329A963C9CA}.Release|Any CPU.ActiveCfg = Release|Any CPU
		{695AEE7B-586A-4638-B8F7-6329A963C9CA}.Release|Any CPU.Build.0 = Release|Any CPU
	EndGlobalSection
	GlobalSection(SolutionProperties) = preSolution
		HideSolutionNode = FALSE
	EndGlobalSection
	GlobalSection(ExtensibilityGlobals) = postSolution
		SolutionGuid = {045FEEDF-0EEF-4F3F-933C-800812D20E1E}
	EndGlobalSection
EndGlobal
