
Microsoft Visual Studio Solution File, Format Version 12.00
# Visual Studio Version 17
VisualStudioVersion = 17.0.31903.59
MinimumVisualStudioVersion = 10.0.40219.1
Project("{9A19103F-16F7-4668-BE54-9A1E7A4F7556}") = "BlazorWeb", "BlazorWeb\BlazorWeb.csproj", "{6E2D67D4-EF61-4F2C-AA92-E0945DFA9690}"
EndProject
Project("{9A19103F-16F7-4668-BE54-9A1E7A4F7556}") = "BlazorTest", "BlazorTest\BlazorTest.csproj", "{C2C57167-75E4-4E6D-B700-1922D5960281}"
EndProject
Project("{FAE04EC0-301F-11D3-BF4B-00C04F79EFBC}") = "MVCWeb", "MVCWeb\MVCWeb.csproj", "{B79B7D9C-B64C-4FE5-BBD4-C07D9E2D1D61}"
EndProject
Global
	GlobalSection(SolutionConfigurationPlatforms) = preSolution
		Debug|Any CPU = Debug|Any CPU
		Release|Any CPU = Release|Any CPU
	EndGlobalSection
	GlobalSection(ProjectConfigurationPlatforms) = postSolution
		{6E2D67D4-EF61-4F2C-AA92-E0945DFA9690}.Debug|Any CPU.ActiveCfg = Debug|Any CPU
		{6E2D67D4-EF61-4F2C-AA92-E0945DFA9690}.Debug|Any CPU.Build.0 = Debug|Any CPU
		{6E2D67D4-EF61-4F2C-AA92-E0945DFA9690}.Release|Any CPU.ActiveCfg = Release|Any CPU
		{6E2D67D4-EF61-4F2C-AA92-E0945DFA9690}.Release|Any CPU.Build.0 = Release|Any CPU
		{C2C57167-75E4-4E6D-B700-1922D5960281}.Debug|Any CPU.ActiveCfg = Debug|Any CPU
		{C2C57167-75E4-4E6D-B700-1922D5960281}.Debug|Any CPU.Build.0 = Debug|Any CPU
		{C2C57167-75E4-4E6D-B700-1922D5960281}.Release|Any CPU.ActiveCfg = Release|Any CPU
		{C2C57167-75E4-4E6D-B700-1922D5960281}.Release|Any CPU.Build.0 = Release|Any CPU
		{B79B7D9C-B64C-4FE5-BBD4-C07D9E2D1D61}.Debug|Any CPU.ActiveCfg = Debug|Any CPU
		{B79B7D9C-B64C-4FE5-BBD4-C07D9E2D1D61}.Debug|Any CPU.Build.0 = Debug|Any CPU
		{B79B7D9C-B64C-4FE5-BBD4-C07D9E2D1D61}.Release|Any CPU.ActiveCfg = Release|Any CPU
		{B79B7D9C-B64C-4FE5-BBD4-C07D9E2D1D61}.Release|Any CPU.Build.0 = Release|Any CPU
	EndGlobalSection
	GlobalSection(SolutionProperties) = preSolution
		HideSolutionNode = FALSE
	EndGlobalSection
	GlobalSection(ExtensibilityGlobals) = postSolution
		SolutionGuid = {368DC983-D95F-4AFE-9849-D83E131F276E}
	EndGlobalSection
EndGlobal
