
Microsoft Visual Studio Solution File, Format Version 12.00
# Visual Studio Version 17
VisualStudioVersion = 17.5.33502.453
MinimumVisualStudioVersion = 10.0.40219.1
Project("{FAE04EC0-301F-11D3-BF4B-00C04F79EFBC}") = "WebApi", "WebApi\WebApi.csproj", "{18873B25-0231-4828-982C-294EFC00C5DB}"
EndProject
Global
	GlobalSection(SolutionConfigurationPlatforms) = preSolution
		Debug|Any CPU = Debug|Any CPU
		Release|Any CPU = Release|Any CPU
	EndGlobalSection
	GlobalSection(ProjectConfigurationPlatforms) = postSolution
		{18873B25-0231-4828-982C-294EFC00C5DB}.Debug|Any CPU.ActiveCfg = Debug|Any CPU
		{18873B25-0231-4828-982C-294EFC00C5DB}.Debug|Any CPU.Build.0 = Debug|Any CPU
		{18873B25-0231-4828-982C-294EFC00C5DB}.Release|Any CPU.ActiveCfg = Release|Any CPU
		{18873B25-0231-4828-982C-294EFC00C5DB}.Release|Any CPU.Build.0 = Release|Any CPU
	EndGlobalSection
	GlobalSection(SolutionProperties) = preSolution
		HideSolutionNode = FALSE
	EndGlobalSection
	GlobalSection(ExtensibilityGlobals) = postSolution
		SolutionGuid = {2904942D-03EA-4A5A-94BB-89A67063F36A}
	EndGlobalSection
EndGlobal
