
Microsoft Visual Studio Solution File, Format Version 12.00
# Visual Studio Version 17
VisualStudioVersion = 17.9.34701.34
MinimumVisualStudioVersion = 10.0.40219.1
Project("{FAE04EC0-301F-11D3-BF4B-00C04F79EFBC}") = "WebApi", "WebApi\WebApi.csproj", "{DECA3ACE-6EC4-4C22-9738-FFA3FB5246EE}"
EndProject
Project("{FAE04EC0-301F-11D3-BF4B-00C04F79EFBC}") = "DapperTest", "DapperTest\DapperTest.csproj", "{DF30524B-2317-45BE-87B9-7D5F962B62C2}"
EndProject
Global
	GlobalSection(SolutionConfigurationPlatforms) = preSolution
		Debug|Any CPU = Debug|Any CPU
		Release|Any CPU = Release|Any CPU
	EndGlobalSection
	GlobalSection(ProjectConfigurationPlatforms) = postSolution
		{DECA3ACE-6EC4-4C22-9738-FFA3FB5246EE}.Debug|Any CPU.ActiveCfg = Debug|Any CPU
		{DECA3ACE-6EC4-4C22-9738-FFA3FB5246EE}.Debug|Any CPU.Build.0 = Debug|Any CPU
		{DECA3ACE-6EC4-4C22-9738-FFA3FB5246EE}.Release|Any CPU.ActiveCfg = Release|Any CPU
		{DECA3ACE-6EC4-4C22-9738-FFA3FB5246EE}.Release|Any CPU.Build.0 = Release|Any CPU
		{DF30524B-2317-45BE-87B9-7D5F962B62C2}.Debug|Any CPU.ActiveCfg = Debug|Any CPU
		{DF30524B-2317-45BE-87B9-7D5F962B62C2}.Debug|Any CPU.Build.0 = Debug|Any CPU
		{DF30524B-2317-45BE-87B9-7D5F962B62C2}.Release|Any CPU.ActiveCfg = Release|Any CPU
		{DF30524B-2317-45BE-87B9-7D5F962B62C2}.Release|Any CPU.Build.0 = Release|Any CPU
	EndGlobalSection
	GlobalSection(SolutionProperties) = preSolution
		HideSolutionNode = FALSE
	EndGlobalSection
	GlobalSection(ExtensibilityGlobals) = postSolution
		SolutionGuid = {8AA2BCFA-3C0A-471A-B3D0-22A7DBC33DF8}
	EndGlobalSection
EndGlobal
