
Microsoft Visual Studio Solution File, Format Version 12.00
# Visual Studio Version 17
VisualStudioVersion = 17.5.33516.290
MinimumVisualStudioVersion = 10.0.40219.1
Project("{9A19103F-16F7-4668-BE54-9A1E7A4F7556}") = "Matrix", "Matrix\Matrix.csproj", "{C0B7426B-08D0-4A83-99FB-E763AF2F9ABE}"
EndProject
Project("{9A19103F-16F7-4668-BE54-9A1E7A4F7556}") = "Library", "Library\Library.csproj", "{F69D2418-1DF6-49FE-81D7-7C7FDBDB28A9}"
EndProject
Project("{FAE04EC0-301F-11D3-BF4B-00C04F79EFBC}") = "Web", "Web\Web.csproj", "{56790DEB-AC8A-42EF-A81C-E47663B3CA36}"
EndProject
Global
	GlobalSection(SolutionConfigurationPlatforms) = preSolution
		Debug|Any CPU = Debug|Any CPU
		Release|Any CPU = Release|Any CPU
	EndGlobalSection
	GlobalSection(ProjectConfigurationPlatforms) = postSolution
		{C0B7426B-08D0-4A83-99FB-E763AF2F9ABE}.Debug|Any CPU.ActiveCfg = Debug|Any CPU
		{C0B7426B-08D0-4A83-99FB-E763AF2F9ABE}.Debug|Any CPU.Build.0 = Debug|Any CPU
		{C0B7426B-08D0-4A83-99FB-E763AF2F9ABE}.Release|Any CPU.ActiveCfg = Release|Any CPU
		{C0B7426B-08D0-4A83-99FB-E763AF2F9ABE}.Release|Any CPU.Build.0 = Release|Any CPU
		{F69D2418-1DF6-49FE-81D7-7C7FDBDB28A9}.Debug|Any CPU.ActiveCfg = Debug|Any CPU
		{F69D2418-1DF6-49FE-81D7-7C7FDBDB28A9}.Debug|Any CPU.Build.0 = Debug|Any CPU
		{F69D2418-1DF6-49FE-81D7-7C7FDBDB28A9}.Release|Any CPU.ActiveCfg = Release|Any CPU
		{F69D2418-1DF6-49FE-81D7-7C7FDBDB28A9}.Release|Any CPU.Build.0 = Release|Any CPU
		{56790DEB-AC8A-42EF-A81C-E47663B3CA36}.Debug|Any CPU.ActiveCfg = Debug|Any CPU
		{56790DEB-AC8A-42EF-A81C-E47663B3CA36}.Debug|Any CPU.Build.0 = Debug|Any CPU
		{56790DEB-AC8A-42EF-A81C-E47663B3CA36}.Release|Any CPU.ActiveCfg = Release|Any CPU
		{56790DEB-AC8A-42EF-A81C-E47663B3CA36}.Release|Any CPU.Build.0 = Release|Any CPU
	EndGlobalSection
	GlobalSection(SolutionProperties) = preSolution
		HideSolutionNode = FALSE
	EndGlobalSection
	GlobalSection(ExtensibilityGlobals) = postSolution
		SolutionGuid = {5C4FFB69-C21D-4E8A-BBA2-C09676AAFC75}
	EndGlobalSection
EndGlobal
