
Microsoft Visual Studio Solution File, Format Version 12.00
# Visual Studio Version 17
VisualStudioVersion = 17.9.34607.119
MinimumVisualStudioVersion = 10.0.40219.1
Project("{FAE04EC0-301F-11D3-BF4B-00C04F79EFBC}") = "WebApi", "WebApi\WebApi.csproj", "{CDEBA2F8-12C1-4153-91B8-701F338D2D67}"
EndProject
Project("{FAE04EC0-301F-11D3-BF4B-00C04F79EFBC}") = "DockerWebApi", "DockerWebApi\DockerWebApi.csproj", "{A07EB0BC-544D-4F0F-B39B-005F07423802}"
EndProject
Global
	GlobalSection(SolutionConfigurationPlatforms) = preSolution
		Debug|Any CPU = Debug|Any CPU
		Release|Any CPU = Release|Any CPU
	EndGlobalSection
	GlobalSection(ProjectConfigurationPlatforms) = postSolution
		{CDEBA2F8-12C1-4153-91B8-701F338D2D67}.Debug|Any CPU.ActiveCfg = Debug|Any CPU
		{CDEBA2F8-12C1-4153-91B8-701F338D2D67}.Debug|Any CPU.Build.0 = Debug|Any CPU
		{CDEBA2F8-12C1-4153-91B8-701F338D2D67}.Release|Any CPU.ActiveCfg = Release|Any CPU
		{CDEBA2F8-12C1-4153-91B8-701F338D2D67}.Release|Any CPU.Build.0 = Release|Any CPU
		{A07EB0BC-544D-4F0F-B39B-005F07423802}.Debug|Any CPU.ActiveCfg = Debug|Any CPU
		{A07EB0BC-544D-4F0F-B39B-005F07423802}.Debug|Any CPU.Build.0 = Debug|Any CPU
		{A07EB0BC-544D-4F0F-B39B-005F07423802}.Release|Any CPU.ActiveCfg = Release|Any CPU
		{A07EB0BC-544D-4F0F-B39B-005F07423802}.Release|Any CPU.Build.0 = Release|Any CPU
	EndGlobalSection
	GlobalSection(SolutionProperties) = preSolution
		HideSolutionNode = FALSE
	EndGlobalSection
	GlobalSection(ExtensibilityGlobals) = postSolution
		SolutionGuid = {0FB76A60-4C32-407B-9A3F-2CDA79BBE02B}
	EndGlobalSection
EndGlobal
