
Microsoft Visual Studio Solution File, Format Version 12.00
Project("{FAE04EC0-301F-11D3-BF4B-00C04F79EFBC}") = "Singleton_Pattern", "Singleton_Pattern\Singleton_Pattern.csproj", "{C3D73972-3B23-4FD5-AE16-A5AA78CF1CA1}"
EndProject
Project("{FAE04EC0-301F-11D3-BF4B-00C04F79EFBC}") = "Naive", "Naive\Naive.csproj", "{4821A2C2-9FEA-4F86-9A34-6CB47A031E69}"
EndProject
Global
	GlobalSection(SolutionConfigurationPlatforms) = preSolution
		Debug|Any CPU = Debug|Any CPU
		Release|Any CPU = Release|Any CPU
	EndGlobalSection
	GlobalSection(ProjectConfigurationPlatforms) = postSolution
		{C3D73972-3B23-4FD5-AE16-A5AA78CF1CA1}.Debug|Any CPU.ActiveCfg = Debug|Any CPU
		{C3D73972-3B23-4FD5-AE16-A5AA78CF1CA1}.Debug|Any CPU.Build.0 = Debug|Any CPU
		{C3D73972-3B23-4FD5-AE16-A5AA78CF1CA1}.Release|Any CPU.ActiveCfg = Release|Any CPU
		{C3D73972-3B23-4FD5-AE16-A5AA78CF1CA1}.Release|Any CPU.Build.0 = Release|Any CPU
		{4821A2C2-9FEA-4F86-9A34-6CB47A031E69}.Debug|Any CPU.ActiveCfg = Debug|Any CPU
		{4821A2C2-9FEA-4F86-9A34-6CB47A031E69}.Debug|Any CPU.Build.0 = Debug|Any CPU
		{4821A2C2-9FEA-4F86-9A34-6CB47A031E69}.Release|Any CPU.ActiveCfg = Release|Any CPU
		{4821A2C2-9FEA-4F86-9A34-6CB47A031E69}.Release|Any CPU.Build.0 = Release|Any CPU
	EndGlobalSection
EndGlobal
