
Microsoft Visual Studio Solution File, Format Version 12.00
# Visual Studio Version 17
VisualStudioVersion = 17.7.34031.279
MinimumVisualStudioVersion = 10.0.40219.1
Project("{FAE04EC0-301F-11D3-BF4B-00C04F79EFBC}") = "WebApi", "WebApi\WebApi.csproj", "{007AC670-3FE4-4C3B-93EC-3BBCBDF5B20D}"
EndProject
Project("{FAE04EC0-301F-11D3-BF4B-00C04F79EFBC}") = "BlazorApp", "BlazorApp\BlazorApp.csproj", "{05544D19-80DF-47B9-B0A6-567B72CBA9E9}"
EndProject
Global
	GlobalSection(SolutionConfigurationPlatforms) = preSolution
		Debug|Any CPU = Debug|Any CPU
		Release|Any CPU = Release|Any CPU
	EndGlobalSection
	GlobalSection(ProjectConfigurationPlatforms) = postSolution
		{007AC670-3FE4-4C3B-93EC-3BBCBDF5B20D}.Debug|Any CPU.ActiveCfg = Debug|Any CPU
		{007AC670-3FE4-4C3B-93EC-3BBCBDF5B20D}.Debug|Any CPU.Build.0 = Debug|Any CPU
		{007AC670-3FE4-4C3B-93EC-3BBCBDF5B20D}.Release|Any CPU.ActiveCfg = Release|Any CPU
		{007AC670-3FE4-4C3B-93EC-3BBCBDF5B20D}.Release|Any CPU.Build.0 = Release|Any CPU
		{05544D19-80DF-47B9-B0A6-567B72CBA9E9}.Debug|Any CPU.ActiveCfg = Debug|Any CPU
		{05544D19-80DF-47B9-B0A6-567B72CBA9E9}.Debug|Any CPU.Build.0 = Debug|Any CPU
		{05544D19-80DF-47B9-B0A6-567B72CBA9E9}.Release|Any CPU.ActiveCfg = Release|Any CPU
		{05544D19-80DF-47B9-B0A6-567B72CBA9E9}.Release|Any CPU.Build.0 = Release|Any CPU
	EndGlobalSection
	GlobalSection(SolutionProperties) = preSolution
		HideSolutionNode = FALSE
	EndGlobalSection
	GlobalSection(ExtensibilityGlobals) = postSolution
		SolutionGuid = {595CE780-63DC-44BE-847E-B5FDD9B1D9A1}
	EndGlobalSection
EndGlobal
